# This file is automatically @generated by Poetry 1.5.1 and should not be changed by hand.

[[package]]
name = "pycdlib"
version = "1.14.0"
description = "Pure python ISO manipulation library"
optional = false
python-versions = "*"
files = [
    {file = "pycdlib-1.14.0-py2.py3-none-any.whl", hash = "sha256:a905827335f0066af3fd416c5cf9b1f29dffaf4d0914b714555213d1809f38d4"},
    {file = "pycdlib-1.14.0.tar.gz", hash = "sha256:8ec306b31d9c850f28c5fda52438d904edd1e8fcf862c5ffd756272efac9f422"},
]

[metadata]
lock-version = "2.0"
python-versions = ">=3.10.0,<3.11"
content-hash = "745a86d2b4e83a52052a34d6f29789730bfec029d0538b4eede66888899aaa49"
